
Microsoft Visual Studio Solution File, Format Version 12.00
# Visual Studio Version 16
VisualStudioVersion = 16.0.29306.81
MinimumVisualStudioVersion = 10.0.40219.1
Project("{FAE04EC0-301F-11D3-BF4B-00C04F79EFBC}") = "EnvironmentNet", "EnvironmentNet\EnvironmentNet.csproj", "{F2147ED5-7842-4A48-91BA-8D0BA2D70D7C}"
EndProject
Global
	GlobalSection(SolutionConfigurationPlatforms) = preSolution
		Debug|Any CPU = Debug|Any CPU
		Release|Any CPU = Release|Any CPU
	EndGlobalSection
	GlobalSection(ProjectConfigurationPlatforms) = postSolution
		{F2147ED5-7842-4A48-91BA-8D0BA2D70D7C}.Debug|Any CPU.ActiveCfg = Debug|Any CPU
		{F2147ED5-7842-4A48-91BA-8D0BA2D70D7C}.Debug|Any CPU.Build.0 = Debug|Any CPU
		{F2147ED5-7842-4A48-91BA-8D0BA2D70D7C}.Release|Any CPU.ActiveCfg = Release|Any CPU
		{F2147ED5-7842-4A48-91BA-8D0BA2D70D7C}.Release|Any CPU.Build.0 = Release|Any CPU
	EndGlobalSection
	GlobalSection(SolutionProperties) = preSolution
		HideSolutionNode = FALSE
	EndGlobalSection
	GlobalSection(ExtensibilityGlobals) = postSolution
		SolutionGuid = {09E880E8-2CF0-4507-9BFC-C20A3F94AF47}
	EndGlobalSection
EndGlobal
